<Solution>
  <Configurations>
    <BuildType Name="Debug" />
    <BuildType Name="ExportDebug" />
    <BuildType Name="ExportRelease" />
  </Configurations>
  <Project Path="TracingPawprints.csproj" />
  <Project Path="TracingPawprints.web/TracingPawprints.web.csproj">
    <BuildType Project="Debug" />
    <Build Project="false" />
  </Project>
</Solution>
